
Microsoft Visual Studio Solution File, Format Version 12.00
# Visual Studio Version 17
VisualStudioVersion = 17.4.33213.308
MinimumVisualStudioVersion = 10.0.40219.1
Project("{FAE04EC0-301F-11D3-BF4B-00C04F79EFBC}") = "spindle", "spindle\spindle.csproj", "{2997FCC6-2583-4788-89D7-116973B8621D}"
EndProject
Global
	GlobalSection(SolutionConfigurationPlatforms) = preSolution
		Debug|Any CPU = Debug|Any CPU
		Release|Any CPU = Release|Any CPU
	EndGlobalSection
	GlobalSection(ProjectConfigurationPlatforms) = postSolution
		{2997FCC6-2583-4788-89D7-116973B8621D}.Debug|Any CPU.ActiveCfg = Debug|Any CPU
		{2997FCC6-2583-4788-89D7-116973B8621D}.Debug|Any CPU.Build.0 = Debug|Any CPU
		{2997FCC6-2583-4788-89D7-116973B8621D}.Release|Any CPU.ActiveCfg = Release|Any CPU
		{2997FCC6-2583-4788-89D7-116973B8621D}.Release|Any CPU.Build.0 = Release|Any CPU
	EndGlobalSection
	GlobalSection(SolutionProperties) = preSolution
		HideSolutionNode = FALSE
	EndGlobalSection
	GlobalSection(ExtensibilityGlobals) = postSolution
		SolutionGuid = {947DE230-B230-49DA-9B95-D4A5865AB34A}
	EndGlobalSection
EndGlobal
